
Microsoft Visual Studio Solution File, Format Version 12.00
Project("{FAE04EC0-301F-11D3-BF4B-00C04F79EFBC}") = "USP-Project.Web", "USP-Project.Web\USP-Project.Web.csproj", "{D261F903-DF3E-4401-B31B-3669A7EDEDB8}"
EndProject
Project("{FAE04EC0-301F-11D3-BF4B-00C04F79EFBC}") = "USP-Project.Data", "USP-Project.Data\USP-Project.Data.csproj", "{CADF8AE2-A53D-4DCF-9293-40644E476829}"
EndProject
Project("{FAE04EC0-301F-11D3-BF4B-00C04F79EFBC}") = "Usp-Project.Utils", "Usp-Project.Utils\Usp-Project.Utils.csproj", "{F9BEE8AE-4A14-4499-8B71-DA4FEFDF3910}"
EndProject
Project("{FAE04EC0-301F-11D3-BF4B-00C04F79EFBC}") = "USP-Project.Core", "USP-Project.Core\USP-Project.Core.csproj", "{CC877495-AE0E-4F77-B266-192B0878A411}"
EndProject
Global
	GlobalSection(SolutionConfigurationPlatforms) = preSolution
		Debug|Any CPU = Debug|Any CPU
		Release|Any CPU = Release|Any CPU
	EndGlobalSection
	GlobalSection(ProjectConfigurationPlatforms) = postSolution
		{D261F903-DF3E-4401-B31B-3669A7EDEDB8}.Debug|Any CPU.ActiveCfg = Debug|Any CPU
		{D261F903-DF3E-4401-B31B-3669A7EDEDB8}.Debug|Any CPU.Build.0 = Debug|Any CPU
		{D261F903-DF3E-4401-B31B-3669A7EDEDB8}.Release|Any CPU.ActiveCfg = Release|Any CPU
		{D261F903-DF3E-4401-B31B-3669A7EDEDB8}.Release|Any CPU.Build.0 = Release|Any CPU
		{CADF8AE2-A53D-4DCF-9293-40644E476829}.Debug|Any CPU.ActiveCfg = Debug|Any CPU
		{CADF8AE2-A53D-4DCF-9293-40644E476829}.Debug|Any CPU.Build.0 = Debug|Any CPU
		{CADF8AE2-A53D-4DCF-9293-40644E476829}.Release|Any CPU.ActiveCfg = Release|Any CPU
		{CADF8AE2-A53D-4DCF-9293-40644E476829}.Release|Any CPU.Build.0 = Release|Any CPU
		{F9BEE8AE-4A14-4499-8B71-DA4FEFDF3910}.Debug|Any CPU.ActiveCfg = Debug|Any CPU
		{F9BEE8AE-4A14-4499-8B71-DA4FEFDF3910}.Debug|Any CPU.Build.0 = Debug|Any CPU
		{F9BEE8AE-4A14-4499-8B71-DA4FEFDF3910}.Release|Any CPU.ActiveCfg = Release|Any CPU
		{F9BEE8AE-4A14-4499-8B71-DA4FEFDF3910}.Release|Any CPU.Build.0 = Release|Any CPU
		{CC877495-AE0E-4F77-B266-192B0878A411}.Debug|Any CPU.ActiveCfg = Debug|Any CPU
		{CC877495-AE0E-4F77-B266-192B0878A411}.Debug|Any CPU.Build.0 = Debug|Any CPU
		{CC877495-AE0E-4F77-B266-192B0878A411}.Release|Any CPU.ActiveCfg = Release|Any CPU
		{CC877495-AE0E-4F77-B266-192B0878A411}.Release|Any CPU.Build.0 = Release|Any CPU
	EndGlobalSection
EndGlobal
